
Microsoft Visual Studio Solution File, Format Version 12.00
# Visual Studio Version 17
VisualStudioVersion = 17.11.35327.3
MinimumVisualStudioVersion = 10.0.40219.1
Project("{8BC9CEB8-8B4A-11D0-8D11-00A0C91BC942}") = "ControlWork", "ControlWork\ControlWork.vcxproj", "{E447F484-E2AF-4922-8104-09474B14EEB7}"
EndProject
Global
	GlobalSection(SolutionConfigurationPlatforms) = preSolution
		Debug|x64 = Debug|x64
		Debug|x86 = Debug|x86
		Release|x64 = Release|x64
		Release|x86 = Release|x86
	EndGlobalSection
	GlobalSection(ProjectConfigurationPlatforms) = postSolution
		{E447F484-E2AF-4922-8104-09474B14EEB7}.Debug|x64.ActiveCfg = Debug|x64
		{E447F484-E2AF-4922-8104-09474B14EEB7}.Debug|x64.Build.0 = Debug|x64
		{E447F484-E2AF-4922-8104-09474B14EEB7}.Debug|x86.ActiveCfg = Debug|Win32
		{E447F484-E2AF-4922-8104-09474B14EEB7}.Debug|x86.Build.0 = Debug|Win32
		{E447F484-E2AF-4922-8104-09474B14EEB7}.Release|x64.ActiveCfg = Release|x64
		{E447F484-E2AF-4922-8104-09474B14EEB7}.Release|x64.Build.0 = Release|x64
		{E447F484-E2AF-4922-8104-09474B14EEB7}.Release|x86.ActiveCfg = Release|Win32
		{E447F484-E2AF-4922-8104-09474B14EEB7}.Release|x86.Build.0 = Release|Win32
	EndGlobalSection
	GlobalSection(SolutionProperties) = preSolution
		HideSolutionNode = FALSE
	EndGlobalSection
	GlobalSection(ExtensibilityGlobals) = postSolution
		SolutionGuid = {4D55DAF2-ED4F-4354-A30E-ECA053B4453D}
	EndGlobalSection
EndGlobal
